
Microsoft Visual Studio Solution File, Format Version 12.00
# Visual Studio Version 16
VisualStudioVersion = 16.0.30804.86
MinimumVisualStudioVersion = 10.0.40219.1
Project("{FAE04EC0-301F-11D3-BF4B-00C04F79EFBC}") = "MondayMaster", "MondayMaster.csproj", "{176DA01D-5FC0-4BCE-AA57-6583FF3C711D}"
EndProject
Global
	GlobalSection(SolutionConfigurationPlatforms) = preSolution
		Debug|Any CPU = Debug|Any CPU
		Release|Any CPU = Release|Any CPU
	EndGlobalSection
	GlobalSection(ProjectConfigurationPlatforms) = postSolution
		{176DA01D-5FC0-4BCE-AA57-6583FF3C711D}.Debug|Any CPU.ActiveCfg = Debug|Any CPU
		{176DA01D-5FC0-4BCE-AA57-6583FF3C711D}.Debug|Any CPU.Build.0 = Debug|Any CPU
		{176DA01D-5FC0-4BCE-AA57-6583FF3C711D}.Release|Any CPU.ActiveCfg = Release|Any CPU
		{176DA01D-5FC0-4BCE-AA57-6583FF3C711D}.Release|Any CPU.Build.0 = Release|Any CPU
	EndGlobalSection
	GlobalSection(SolutionProperties) = preSolution
		HideSolutionNode = FALSE
	EndGlobalSection
	GlobalSection(ExtensibilityGlobals) = postSolution
		SolutionGuid = {F5591542-2938-4993-B240-40A615DDB236}
	EndGlobalSection
EndGlobal
